
Microsoft Visual Studio Solution File, Format Version 12.00
# Visual Studio 15
VisualStudioVersion = 15.0.28307.645
MinimumVisualStudioVersion = 10.0.40219.1
Project("{FAE04EC0-301F-11D3-BF4B-00C04F79EFBC}") = "Arduino", "Arduino\Arduino.csproj", "{99D355B9-68E0-4B33-A666-6704A771D64E}"
EndProject
Global
	GlobalSection(SolutionConfigurationPlatforms) = preSolution
		Debug|Any CPU = Debug|Any CPU
		Release|Any CPU = Release|Any CPU
	EndGlobalSection
	GlobalSection(ProjectConfigurationPlatforms) = postSolution
		{99D355B9-68E0-4B33-A666-6704A771D64E}.Debug|Any CPU.ActiveCfg = Debug|Any CPU
		{99D355B9-68E0-4B33-A666-6704A771D64E}.Debug|Any CPU.Build.0 = Debug|Any CPU
		{99D355B9-68E0-4B33-A666-6704A771D64E}.Release|Any CPU.ActiveCfg = Release|Any CPU
		{99D355B9-68E0-4B33-A666-6704A771D64E}.Release|Any CPU.Build.0 = Release|Any CPU
	EndGlobalSection
	GlobalSection(SolutionProperties) = preSolution
		HideSolutionNode = FALSE
	EndGlobalSection
	GlobalSection(ExtensibilityGlobals) = postSolution
		SolutionGuid = {75C1F4C1-9543-43F1-A13B-98A015B0FF4D}
	EndGlobalSection
EndGlobal
